
Microsoft Visual Studio Solution File, Format Version 12.00
# Visual Studio Version 16
VisualStudioVersion = 16.0.29509.3
MinimumVisualStudioVersion = 10.0.40219.1
Project("{FAE04EC0-301F-11D3-BF4B-00C04F79EFBC}") = "2 Home Work 4", "2 Home Work 4\2 Home Work 4.csproj", "{2521E769-8A94-44F9-9837-A976F49BB60A}"
EndProject
Global
	GlobalSection(SolutionConfigurationPlatforms) = preSolution
		Debug|Any CPU = Debug|Any CPU
		Release|Any CPU = Release|Any CPU
	EndGlobalSection
	GlobalSection(ProjectConfigurationPlatforms) = postSolution
		{2521E769-8A94-44F9-9837-A976F49BB60A}.Debug|Any CPU.ActiveCfg = Debug|Any CPU
		{2521E769-8A94-44F9-9837-A976F49BB60A}.Debug|Any CPU.Build.0 = Debug|Any CPU
		{2521E769-8A94-44F9-9837-A976F49BB60A}.Release|Any CPU.ActiveCfg = Release|Any CPU
		{2521E769-8A94-44F9-9837-A976F49BB60A}.Release|Any CPU.Build.0 = Release|Any CPU
	EndGlobalSection
	GlobalSection(SolutionProperties) = preSolution
		HideSolutionNode = FALSE
	EndGlobalSection
	GlobalSection(ExtensibilityGlobals) = postSolution
		SolutionGuid = {3A6CFBEB-0AF4-4A6F-B382-2AF9F71B01BA}
	EndGlobalSection
EndGlobal
